
Microsoft Visual Studio Solution File, Format Version 12.00
# Visual Studio Version 16
VisualStudioVersion = 16.0.30011.22
MinimumVisualStudioVersion = 10.0.40219.1
Project("{FAE04EC0-301F-11D3-BF4B-00C04F79EFBC}") = "10BitCalculator", "10BitCalculator.csproj", "{F7EBE8B3-65FC-43E7-887A-17F09EE0831C}"
EndProject
Global
	GlobalSection(SolutionConfigurationPlatforms) = preSolution
		Debug|Any CPU = Debug|Any CPU
		Release|Any CPU = Release|Any CPU
	EndGlobalSection
	GlobalSection(ProjectConfigurationPlatforms) = postSolution
		{F7EBE8B3-65FC-43E7-887A-17F09EE0831C}.Debug|Any CPU.ActiveCfg = Debug|Any CPU
		{F7EBE8B3-65FC-43E7-887A-17F09EE0831C}.Debug|Any CPU.Build.0 = Debug|Any CPU
		{F7EBE8B3-65FC-43E7-887A-17F09EE0831C}.Release|Any CPU.ActiveCfg = Release|Any CPU
		{F7EBE8B3-65FC-43E7-887A-17F09EE0831C}.Release|Any CPU.Build.0 = Release|Any CPU
	EndGlobalSection
	GlobalSection(SolutionProperties) = preSolution
		HideSolutionNode = FALSE
	EndGlobalSection
	GlobalSection(ExtensibilityGlobals) = postSolution
		SolutionGuid = {4BAF06C6-7067-403E-B5CB-4119B4D4374E}
	EndGlobalSection
EndGlobal
